
Microsoft Visual Studio Solution File, Format Version 12.00
# Visual Studio 14
VisualStudioVersion = 14.0.25420.1
MinimumVisualStudioVersion = 10.0.40219.1
Project("{54435603-DBB4-11D2-8724-00A0C9A8B90C}") = "syntrodb32_installer", "syntrodb32_installer.vdproj", "{0D92BF56-FD08-4605-9D5B-2C149D028203}"
EndProject
Global
	GlobalSection(SolutionConfigurationPlatforms) = preSolution
		Debug|Default = Debug|Default
		Release|Default = Release|Default
	EndGlobalSection
	GlobalSection(ProjectConfigurationPlatforms) = postSolution
		{0D92BF56-FD08-4605-9D5B-2C149D028203}.Debug|Default.ActiveCfg = Debug
		{0D92BF56-FD08-4605-9D5B-2C149D028203}.Debug|Default.Build.0 = Debug
		{0D92BF56-FD08-4605-9D5B-2C149D028203}.Release|Default.ActiveCfg = Release
		{0D92BF56-FD08-4605-9D5B-2C149D028203}.Release|Default.Build.0 = Release
	EndGlobalSection
	GlobalSection(SolutionProperties) = preSolution
		HideSolutionNode = FALSE
	EndGlobalSection
EndGlobal
